
Microsoft Visual Studio Solution File, Format Version 12.00
# Visual Studio Version 17
VisualStudioVersion = 17.6.33829.357
MinimumVisualStudioVersion = 10.0.40219.1
Project("{8BC9CEB8-8B4A-11D0-8D11-00A0C91BC942}") = "bai moi LTCB", "bai moi LTCB\bai moi LTCB.vcxproj", "{00CAF387-38C2-45A0-9981-687A535C4657}"
EndProject
Global
	GlobalSection(SolutionConfigurationPlatforms) = preSolution
		Debug|x64 = Debug|x64
		Debug|x86 = Debug|x86
		Release|x64 = Release|x64
		Release|x86 = Release|x86
	EndGlobalSection
	GlobalSection(ProjectConfigurationPlatforms) = postSolution
		{00CAF387-38C2-45A0-9981-687A535C4657}.Debug|x64.ActiveCfg = Debug|x64
		{00CAF387-38C2-45A0-9981-687A535C4657}.Debug|x64.Build.0 = Debug|x64
		{00CAF387-38C2-45A0-9981-687A535C4657}.Debug|x86.ActiveCfg = Debug|Win32
		{00CAF387-38C2-45A0-9981-687A535C4657}.Debug|x86.Build.0 = Debug|Win32
		{00CAF387-38C2-45A0-9981-687A535C4657}.Release|x64.ActiveCfg = Release|x64
		{00CAF387-38C2-45A0-9981-687A535C4657}.Release|x64.Build.0 = Release|x64
		{00CAF387-38C2-45A0-9981-687A535C4657}.Release|x86.ActiveCfg = Release|Win32
		{00CAF387-38C2-45A0-9981-687A535C4657}.Release|x86.Build.0 = Release|Win32
	EndGlobalSection
	GlobalSection(SolutionProperties) = preSolution
		HideSolutionNode = FALSE
	EndGlobalSection
	GlobalSection(ExtensibilityGlobals) = postSolution
		SolutionGuid = {A3F582C2-2D95-460C-B621-55AA4A499328}
	EndGlobalSection
EndGlobal
